
Microsoft Visual Studio Solution File, Format Version 12.00
# Visual Studio 2013
VisualStudioVersion = 12.0.21005.1
MinimumVisualStudioVersion = 10.0.40219.1
Project("{FAE04EC0-301F-11D3-BF4B-00C04F79EFBC}") = "DMQuyetTien", "DMQuyetTien\DMQuyetTien.csproj", "{50A0F8FE-67FC-4BC7-A5B4-EDCF2D6E8CE0}"
EndProject
Project("{FAE04EC0-301F-11D3-BF4B-00C04F79EFBC}") = "DMQuyetTien.Tests", "DMQuyetTien.Tests\DMQuyetTien.Tests.csproj", "{63DF4D41-0ACC-4B81-9AF3-B1BACB673AC8}"
EndProject
Global
	GlobalSection(SolutionConfigurationPlatforms) = preSolution
		Debug|Any CPU = Debug|Any CPU
		Release|Any CPU = Release|Any CPU
	EndGlobalSection
	GlobalSection(ProjectConfigurationPlatforms) = postSolution
		{50A0F8FE-67FC-4BC7-A5B4-EDCF2D6E8CE0}.Debug|Any CPU.ActiveCfg = Debug|Any CPU
		{50A0F8FE-67FC-4BC7-A5B4-EDCF2D6E8CE0}.Debug|Any CPU.Build.0 = Debug|Any CPU
		{50A0F8FE-67FC-4BC7-A5B4-EDCF2D6E8CE0}.Release|Any CPU.ActiveCfg = Release|Any CPU
		{50A0F8FE-67FC-4BC7-A5B4-EDCF2D6E8CE0}.Release|Any CPU.Build.0 = Release|Any CPU
		{63DF4D41-0ACC-4B81-9AF3-B1BACB673AC8}.Debug|Any CPU.ActiveCfg = Debug|Any CPU
		{63DF4D41-0ACC-4B81-9AF3-B1BACB673AC8}.Debug|Any CPU.Build.0 = Debug|Any CPU
		{63DF4D41-0ACC-4B81-9AF3-B1BACB673AC8}.Release|Any CPU.ActiveCfg = Release|Any CPU
		{63DF4D41-0ACC-4B81-9AF3-B1BACB673AC8}.Release|Any CPU.Build.0 = Release|Any CPU
	EndGlobalSection
	GlobalSection(SolutionProperties) = preSolution
		HideSolutionNode = FALSE
	EndGlobalSection
EndGlobal
